Microsoft Visual Studio Solution File, Format Version 11.00
# Visual Studio 2008

Project("{97F89C23-A2A9-D379-F5B8-BD420AA9C5EB}") = "CelGame", "Assembly-CSharp.csproj", "{58BE8114-10A7-4E6B-039D-2C8DED46DF22}"
EndProject
Global
	GlobalSection(SolutionConfigurationPlatforms) = preSolution
		Debug|Any CPU = Debug|Any CPU
		Release|Any CPU = Release|Any CPU
	EndGlobalSection
	GlobalSection(ProjectConfigurationPlatforms) = postSolution
		{58BE8114-10A7-4E6B-039D-2C8DED46DF22}.Debug|Any CPU.ActiveCfg = Debug|Any CPU
		{58BE8114-10A7-4E6B-039D-2C8DED46DF22}.Debug|Any CPU.Build.0 = Debug|Any CPU
		{58BE8114-10A7-4E6B-039D-2C8DED46DF22}.Release|Any CPU.ActiveCfg = Release|Any CPU
		{58BE8114-10A7-4E6B-039D-2C8DED46DF22}.Release|Any CPU.Build.0 = Release|Any CPU
	EndGlobalSection
	GlobalSection(SolutionProperties) = preSolution
		HideSolutionNode = FALSE
	EndGlobalSection
	GlobalSection(MonoDevelopProperties) = preSolution
		StartupItem = Assembly-CSharp.csproj
	EndGlobalSection
EndGlobal
